// !$*UTF8*$!
{
	archiveVersion = 1;
	classes = {
	};
	objectVersion = 56;
	objects = {

/* Begin PBXBuildFile section */
		DB15B75E2C4E40F900113F13 /* WriteFeature.swift in Sources */ = {isa = PBXBuildFile; fileRef = DB15B75D2C4E40F900113F13 /* WriteFeature.swift */; };
		DB15B7612C4E45E100113F13 /* SwiftUIIntrospect in Frameworks */ = {isa = PBXBuildFile; productRef = DB15B7602C4E45E100113F13 /* SwiftUIIntrospect */; };
		DB3E34302C46612900BED154 /* WriteView.swift in Sources */ = {isa = PBXBuildFile; fileRef = DB3E342F2C46612900BED154 /* WriteView.swift */; };
		DB3E34392C4A56B300BED154 /* SpeechClient.swift in Sources */ = {isa = PBXBuildFile; fileRef = DB3E34382C4A56B300BED154 /* SpeechClient.swift */; };
		DB3E343B2C4A57BC00BED154 /* SpeechClientModel.swift in Sources */ = {isa = PBXBuildFile; fileRef = DB3E343A2C4A57BC00BED154 /* SpeechClientModel.swift */; };
		DB5CCB482C367BEB006F7A2C /* EmoJournalApp.swift in Sources */ = {isa = PBXBuildFile; fileRef = DB5CCB472C367BEB006F7A2C /* EmoJournalApp.swift */; };
		DB5CCB4C2C367BED006F7A2C /* Assets.xcassets in Resources */ = {isa = PBXBuildFile; fileRef = DB5CCB4B2C367BED006F7A2C /* Assets.xcassets */; };
		DB5CCB4F2C367BED006F7A2C /* Preview Assets.xcassets in Resources */ = {isa = PBXBuildFile; fileRef = DB5CCB4E2C367BED006F7A2C /* Preview Assets.xcassets */; };
		DB5CCB562C367C95006F7A2C /* MainView.swift in Sources */ = {isa = PBXBuildFile; fileRef = DB5CCB552C367C95006F7A2C /* MainView.swift */; };
		DB5CCB592C376D18006F7A2C /* ComposableArchitecture in Frameworks */ = {isa = PBXBuildFile; productRef = DB5CCB582C376D18006F7A2C /* ComposableArchitecture */; };
		DB5CCB6D2C37849A006F7A2C /* Gradient+.swift in Sources */ = {isa = PBXBuildFile; fileRef = DB5CCB6C2C37849A006F7A2C /* Gradient+.swift */; };
		DB5CCB6F2C379467006F7A2C /* BackgroundView.swift in Sources */ = {isa = PBXBuildFile; fileRef = DB5CCB6E2C379467006F7A2C /* BackgroundView.swift */; };
		DB5CCB712C37D71D006F7A2C /* SelectColorView.swift in Sources */ = {isa = PBXBuildFile; fileRef = DB5CCB702C37D71D006F7A2C /* SelectColorView.swift */; };
		DB5CCB732C37DF71006F7A2C /* Collection+.swift in Sources */ = {isa = PBXBuildFile; fileRef = DB5CCB722C37DF71006F7A2C /* Collection+.swift */; };
		DBDE84AE2C3E0DFB00F4867F /* BackgroundFeature.swift in Sources */ = {isa = PBXBuildFile; fileRef = DBDE84AD2C3E0DFB00F4867F /* BackgroundFeature.swift */; };
		DBDE84B22C3E796F00F4867F /* SelectFeature.swift in Sources */ = {isa = PBXBuildFile; fileRef = DBDE84B12C3E796F00F4867F /* SelectFeature.swift */; };
		DBDE84C42C41268D00F4867F /* Enviroment.swift in Sources */ = {isa = PBXBuildFile; fileRef = DBDE84C32C41268D00F4867F /* Enviroment.swift */; };
		DBDE84F52C44DD4900F4867F /* ListView.swift in Sources */ = {isa = PBXBuildFile; fileRef = DBDE84F42C44DD4900F4867F /* ListView.swift */; };
		DBDE84F72C44DD8800F4867F /* ListFeature.swift in Sources */ = {isa = PBXBuildFile; fileRef = DBDE84F62C44DD8800F4867F /* ListFeature.swift */; };
		DBDE84F92C4516EC00F4867F /* ListDetailView.swift in Sources */ = {isa = PBXBuildFile; fileRef = DBDE84F82C4516EC00F4867F /* ListDetailView.swift */; };
		DBEDAFE52C3B6BCB005C675C /* GraidentModifer.swift in Sources */ = {isa = PBXBuildFile; fileRef = DBEDAFE42C3B6BCB005C675C /* GraidentModifer.swift */; };
		DBEDAFE72C3B6C03005C675C /* View+.swift in Sources */ = {isa = PBXBuildFile; fileRef = DBEDAFE62C3B6C03005C675C /* View+.swift */; };
/* End PBXBuildFile section */

/* Begin PBXFileReference section */
		DB15B75D2C4E40F900113F13 /* WriteFeature.swift */ = {isa = PBXFileReference; lastKnownFileType = sourcecode.swift; path = WriteFeature.swift; sourceTree = "<group>"; };
		DB3E342F2C46612900BED154 /* WriteView.swift */ = {isa = PBXFileReference; lastKnownFileType = sourcecode.swift; path = WriteView.swift; sourceTree = "<group>"; };
		DB3E34312C4A3F0700BED154 /* Info.plist */ = {isa = PBXFileReference; lastKnownFileType = text.plist; path = Info.plist; sourceTree = "<group>"; };
		DB3E34382C4A56B300BED154 /* SpeechClient.swift */ = {isa = PBXFileReference; lastKnownFileType = sourcecode.swift; path = SpeechClient.swift; sourceTree = "<group>"; };
		DB3E343A2C4A57BC00BED154 /* SpeechClientModel.swift */ = {isa = PBXFileReference; lastKnownFileType = sourcecode.swift; path = SpeechClientModel.swift; sourceTree = "<group>"; };
		DB5CCB442C367BEB006F7A2C /* EmoJournal.app */ = {isa = PBXFileReference; explicitFileType = wrapper.application; includeInIndex = 0; path = EmoJournal.app; sourceTree = BUILT_PRODUCTS_DIR; };
		DB5CCB472C367BEB006F7A2C /* EmoJournalApp.swift */ = {isa = PBXFileReference; lastKnownFileType = sourcecode.swift; path = EmoJournalApp.swift; sourceTree = "<group>"; };
		DB5CCB4B2C367BED006F7A2C /* Assets.xcassets */ = {isa = PBXFileReference; lastKnownFileType = folder.assetcatalog; path = Assets.xcassets; sourceTree = "<group>"; };
		DB5CCB4E2C367BED006F7A2C /* Preview Assets.xcassets */ = {isa = PBXFileReference; lastKnownFileType = folder.assetcatalog; path = "Preview Assets.xcassets"; sourceTree = "<group>"; };
		DB5CCB552C367C95006F7A2C /* MainView.swift */ = {isa = PBXFileReference; lastKnownFileType = sourcecode.swift; path = MainView.swift; sourceTree = "<group>"; };
		DB5CCB6C2C37849A006F7A2C /* Gradient+.swift */ = {isa = PBXFileReference; lastKnownFileType = sourcecode.swift; path = "Gradient+.swift"; sourceTree = "<group>"; };
		DB5CCB6E2C379467006F7A2C /* BackgroundView.swift */ = {isa = PBXFileReference; lastKnownFileType = sourcecode.swift; path = BackgroundView.swift; sourceTree = "<group>"; };
		DB5CCB702C37D71D006F7A2C /* SelectColorView.swift */ = {isa = PBXFileReference; lastKnownFileType = sourcecode.swift; path = SelectColorView.swift; sourceTree = "<group>"; };
		DB5CCB722C37DF71006F7A2C /* Collection+.swift */ = {isa = PBXFileReference; lastKnownFileType = sourcecode.swift; path = "Collection+.swift"; sourceTree = "<group>"; };
		DBDE84AD2C3E0DFB00F4867F /* BackgroundFeature.swift */ = {isa = PBXFileReference; lastKnownFileType = sourcecode.swift; path = BackgroundFeature.swift; sourceTree = "<group>"; };
		DBDE84B12C3E796F00F4867F /* SelectFeature.swift */ = {isa = PBXFileReference; lastKnownFileType = sourcecode.swift; path = SelectFeature.swift; sourceTree = "<group>"; };
		DBDE84C32C41268D00F4867F /* Enviroment.swift */ = {isa = PBXFileReference; lastKnownFileType = sourcecode.swift; path = Enviroment.swift; sourceTree = "<group>"; };
		DBDE84F42C44DD4900F4867F /* ListView.swift */ = {isa = PBXFileReference; lastKnownFileType = sourcecode.swift; path = ListView.swift; sourceTree = "<group>"; };
		DBDE84F62C44DD8800F4867F /* ListFeature.swift */ = {isa = PBXFileReference; lastKnownFileType = sourcecode.swift; path = ListFeature.swift; sourceTree = "<group>"; };
		DBDE84F82C4516EC00F4867F /* ListDetailView.swift */ = {isa = PBXFileReference; lastKnownFileType = sourcecode.swift; path = ListDetailView.swift; sourceTree = "<group>"; };
		DBEDAFE42C3B6BCB005C675C /* GraidentModifer.swift */ = {isa = PBXFileReference; lastKnownFileType = sourcecode.swift; path = GraidentModifer.swift; sourceTree = "<group>"; };
		DBEDAFE62C3B6C03005C675C /* View+.swift */ = {isa = PBXFileReference; lastKnownFileType = sourcecode.swift; path = "View+.swift"; sourceTree = "<group>"; };
/* End PBXFileReference section */

/* Begin PBXFrameworksBuildPhase section */
		DB5CCB412C367BEB006F7A2C /* Frameworks */ = {
			isa = PBXFrameworksBuildPhase;
			buildActionMask = 2147483647;
			files = (
				DB5CCB592C376D18006F7A2C /* ComposableArchitecture in Frameworks */,
				DB15B7612C4E45E100113F13 /* SwiftUIIntrospect in Frameworks */,
			);
			runOnlyForDeploymentPostprocessing = 0;
		};
/* End PBXFrameworksBuildPhase section */

/* Begin PBXGroup section */
		DB15B7662C4E516500113F13 /* Frameworks */ = {
			isa = PBXGroup;
			children = (
			);
			name = Frameworks;
			sourceTree = "<group>";
		};
		DB5CCB3B2C367BEB006F7A2C = {
			isa = PBXGroup;
			children = (
				DB5CCB462C367BEB006F7A2C /* EmoJournal */,
				DB5CCB452C367BEB006F7A2C /* Products */,
				DB15B7662C4E516500113F13 /* Frameworks */,
			);
			sourceTree = "<group>";
		};
		DB5CCB452C367BEB006F7A2C /* Products */ = {
			isa = PBXGroup;
			children = (
				DB5CCB442C367BEB006F7A2C /* EmoJournal.app */,
			);
			name = Products;
			sourceTree = "<group>";
		};
		DB5CCB462C367BEB006F7A2C /* EmoJournal */ = {
			isa = PBXGroup;
			children = (
				DB3E34312C4A3F0700BED154 /* Info.plist */,
				DBDE84C32C41268D00F4867F /* Enviroment.swift */,
				DBDE84AD2C3E0DFB00F4867F /* BackgroundFeature.swift */,
				DB5CCB6E2C379467006F7A2C /* BackgroundView.swift */,
				DBDE84B12C3E796F00F4867F /* SelectFeature.swift */,
				DB5CCB702C37D71D006F7A2C /* SelectColorView.swift */,
				DB5CCB472C367BEB006F7A2C /* EmoJournalApp.swift */,
				DBDE84F42C44DD4900F4867F /* ListView.swift */,
				DBDE84F82C4516EC00F4867F /* ListDetailView.swift */,
				DBDE84F62C44DD8800F4867F /* ListFeature.swift */,
				DB5CCB552C367C95006F7A2C /* MainView.swift */,
				DB3E342F2C46612900BED154 /* WriteView.swift */,
				DB15B75D2C4E40F900113F13 /* WriteFeature.swift */,
				DB5CCB4B2C367BED006F7A2C /* Assets.xcassets */,
				DBEDAFE82C3CBBE8005C675C /* Util */,
				DB5CCB4D2C367BED006F7A2C /* Preview Content */,
				DB3E34382C4A56B300BED154 /* SpeechClient.swift */,
				DB3E343A2C4A57BC00BED154 /* SpeechClientModel.swift */,
			);
			path = EmoJournal;
			sourceTree = "<group>";
		};
		DB5CCB4D2C367BED006F7A2C /* Preview Content */ = {
			isa = PBXGroup;
			children = (
				DB5CCB4E2C367BED006F7A2C /* Preview Assets.xcassets */,
			);
			path = "Preview Content";
			sourceTree = "<group>";
		};
		DBEDAFE82C3CBBE8005C675C /* Util */ = {
			isa = PBXGroup;
			children = (
				DB5CCB6C2C37849A006F7A2C /* Gradient+.swift */,
				DB5CCB722C37DF71006F7A2C /* Collection+.swift */,
				DBEDAFE42C3B6BCB005C675C /* GraidentModifer.swift */,
				DBEDAFE62C3B6C03005C675C /* View+.swift */,
			);
			path = Util;
			sourceTree = "<group>";
		};
/* End PBXGroup section */

/* Begin PBXNativeTarget section */
		DB5CCB432C367BEB006F7A2C /* EmoJournal */ = {
			isa = PBXNativeTarget;
			buildConfigurationList = DB5CCB522C367BED006F7A2C /* Build configuration list for PBXNativeTarget "EmoJournal" */;
			buildPhases = (
				DB5CCB402C367BEB006F7A2C /* Sources */,
				DB5CCB412C367BEB006F7A2C /* Frameworks */,
				DB5CCB422C367BEB006F7A2C /* Resources */,
			);
			buildRules = (
			);
			dependencies = (
			);
			name = EmoJournal;
			packageProductDependencies = (
				DB5CCB582C376D18006F7A2C /* ComposableArchitecture */,
				DB15B7602C4E45E100113F13 /* SwiftUIIntrospect */,
			);
			productName = EmoJournal;
			productReference = DB5CCB442C367BEB006F7A2C /* EmoJournal.app */;
			productType = "com.apple.product-type.application";
		};
/* End PBXNativeTarget section */

/* Begin PBXProject section */
		DB5CCB3C2C367BEB006F7A2C /* Project object */ = {
			isa = PBXProject;
			attributes = {
				BuildIndependentTargetsInParallel = 1;
				LastSwiftUpdateCheck = 1540;
				LastUpgradeCheck = 1540;
				TargetAttributes = {
					DB5CCB432C367BEB006F7A2C = {
						CreatedOnToolsVersion = 15.4;
					};
				};
			};
			buildConfigurationList = DB5CCB3F2C367BEB006F7A2C /* Build configuration list for PBXProject "EmoJournal" */;
			compatibilityVersion = "Xcode 14.0";
			developmentRegion = en;
			hasScannedForEncodings = 0;
			knownRegions = (
				en,
				Base,
			);
			mainGroup = DB5CCB3B2C367BEB006F7A2C;
			packageReferences = (
				DB5CCB572C376D18006F7A2C /* XCRemoteSwiftPackageReference "swift-composable-architecture" */,
				DB15B75F2C4E45E100113F13 /* XCRemoteSwiftPackageReference "SwiftUI-Introspect" */,
			);
			productRefGroup = DB5CCB452C367BEB006F7A2C /* Products */;
			projectDirPath = "";
			projectRoot = "";
			targets = (
				DB5CCB432C367BEB006F7A2C /* EmoJournal */,
			);
		};
/* End PBXProject section */

/* Begin PBXResourcesBuildPhase section */
		DB5CCB422C367BEB006F7A2C /* Resources */ = {
			isa = PBXResourcesBuildPhase;
			buildActionMask = 2147483647;
			files = (
				DB5CCB4F2C367BED006F7A2C /* Preview Assets.xcassets in Resources */,
				DB5CCB4C2C367BED006F7A2C /* Assets.xcassets in Resources */,
			);
			runOnlyForDeploymentPostprocessing = 0;
		};
/* End PBXResourcesBuildPhase section */

/* Begin PBXSourcesBuildPhase section */
		DB5CCB402C367BEB006F7A2C /* Sources */ = {
			isa = PBXSourcesBuildPhase;
			buildActionMask = 2147483647;
			files = (
				DBDE84B22C3E796F00F4867F /* SelectFeature.swift in Sources */,
				DBDE84C42C41268D00F4867F /* Enviroment.swift in Sources */,
				DB3E34302C46612900BED154 /* WriteView.swift in Sources */,
				DB5CCB6F2C379467006F7A2C /* BackgroundView.swift in Sources */,
				DB5CCB562C367C95006F7A2C /* MainView.swift in Sources */,
				DB5CCB6D2C37849A006F7A2C /* Gradient+.swift in Sources */,
				DBDE84AE2C3E0DFB00F4867F /* BackgroundFeature.swift in Sources */,
				DBDE84F72C44DD8800F4867F /* ListFeature.swift in Sources */,
				DB5CCB712C37D71D006F7A2C /* SelectColorView.swift in Sources */,
				DB15B75E2C4E40F900113F13 /* WriteFeature.swift in Sources */,
				DB3E343B2C4A57BC00BED154 /* SpeechClientModel.swift in Sources */,
				DBEDAFE72C3B6C03005C675C /* View+.swift in Sources */,
				DB3E34392C4A56B300BED154 /* SpeechClient.swift in Sources */,
				DBDE84F52C44DD4900F4867F /* ListView.swift in Sources */,
				DB5CCB482C367BEB006F7A2C /* EmoJournalApp.swift in Sources */,
				DBEDAFE52C3B6BCB005C675C /* GraidentModifer.swift in Sources */,
				DB5CCB732C37DF71006F7A2C /* Collection+.swift in Sources */,
				DBDE84F92C4516EC00F4867F /* ListDetailView.swift in Sources */,
			);
			runOnlyForDeploymentPostprocessing = 0;
		};
/* End PBXSourcesBuildPhase section */

/* Begin XCBuildConfiguration section */
		DB5CCB502C367BED006F7A2C /* Debug */ = {
			isa = XCBuildConfiguration;
			buildSettings = {
				ALWAYS_SEARCH_USER_PATHS = NO;
				ASSETCATALOG_COMPILER_GENERATE_SWIFT_ASSET_SYMBOL_EXTENSIONS = YES;
				CLANG_ANALYZER_NONNULL = YES;
				CLANG_ANALYZER_NUMBER_OBJECT_CONVERSION = YES_AGGRESSIVE;
				CLANG_CXX_LANGUAGE_STANDARD = "gnu++20";
				CLANG_ENABLE_MODULES = YES;
				CLANG_ENABLE_OBJC_ARC = YES;
				CLANG_ENABLE_OBJC_WEAK = YES;
				CLANG_WARN_BLOCK_CAPTURE_AUTORELEASING = YES;
				CLANG_WARN_BOOL_CONVERSION = YES;
				CLANG_WARN_COMMA = YES;
				CLANG_WARN_CONSTANT_CONVERSION = YES;
				CLANG_WARN_DEPRECATED_OBJC_IMPLEMENTATIONS = YES;
				CLANG_WARN_DIRECT_OBJC_ISA_USAGE = YES_ERROR;
				CLANG_WARN_DOCUMENTATION_COMMENTS = YES;
				CLANG_WARN_EMPTY_BODY = YES;
				CLANG_WARN_ENUM_CONVERSION = YES;
				CLANG_WARN_INFINITE_RECURSION = YES;
				CLANG_WARN_INT_CONVERSION = YES;
				CLANG_WARN_NON_LITERAL_NULL_CONVERSION = YES;
				CLANG_WARN_OBJC_IMPLICIT_RETAIN_SELF = YES;
				CLANG_WARN_OBJC_LITERAL_CONVERSION = YES;
				CLANG_WARN_OBJC_ROOT_CLASS = YES_ERROR;
				CLANG_WARN_QUOTED_INCLUDE_IN_FRAMEWORK_HEADER = YES;
				CLANG_WARN_RANGE_LOOP_ANALYSIS = YES;
				CLANG_WARN_STRICT_PROTOTYPES = YES;
				CLANG_WARN_SUSPICIOUS_MOVE = YES;
				CLANG_WARN_UNGUARDED_AVAILABILITY = YES_AGGRESSIVE;
				CLANG_WARN_UNREACHABLE_CODE = YES;
				CLANG_WARN__DUPLICATE_METHOD_MATCH = YES;
				COPY_PHASE_STRIP = NO;
				DEBUG_INFORMATION_FORMAT = dwarf;
				ENABLE_STRICT_OBJC_MSGSEND = YES;
				ENABLE_TESTABILITY = YES;
				ENABLE_USER_SCRIPT_SANDBOXING = YES;
				GCC_C_LANGUAGE_STANDARD = gnu17;
				GCC_DYNAMIC_NO_PIC = NO;
				GCC_NO_COMMON_BLOCKS = YES;
				GCC_OPTIMIZATION_LEVEL = 0;
				GCC_PREPROCESSOR_DEFINITIONS = (
					"DEBUG=1",
					"$(inherited)",
				);
				GCC_WARN_64_TO_32_BIT_CONVERSION = YES;
				GCC_WARN_ABOUT_RETURN_TYPE = YES_ERROR;
				GCC_WARN_UNDECLARED_SELECTOR = YES;
				GCC_WARN_UNINITIALIZED_AUTOS = YES_AGGRESSIVE;
				GCC_WARN_UNUSED_FUNCTION = YES;
				GCC_WARN_UNUSED_VARIABLE = YES;
				IPHONEOS_DEPLOYMENT_TARGET = 16.0;
				LOCALIZATION_PREFERS_STRING_CATALOGS = YES;
				MTL_ENABLE_DEBUG_INFO = INCLUDE_SOURCE;
				MTL_FAST_MATH = YES;
				ONLY_ACTIVE_ARCH = YES;
				SDKROOT = iphoneos;
				SWIFT_ACTIVE_COMPILATION_CONDITIONS = "DEBUG $(inherited)";
				SWIFT_OPTIMIZATION_LEVEL = "-Onone";
			};
			name = Debug;
		};
		DB5CCB512C367BED006F7A2C /* Release */ = {
			isa = XCBuildConfiguration;
			buildSettings = {
				ALWAYS_SEARCH_USER_PATHS = NO;
				ASSETCATALOG_COMPILER_GENERATE_SWIFT_ASSET_SYMBOL_EXTENSIONS = YES;
				CLANG_ANALYZER_NONNULL = YES;
				CLANG_ANALYZER_NUMBER_OBJECT_CONVERSION = YES_AGGRESSIVE;
				CLANG_CXX_LANGUAGE_STANDARD = "gnu++20";
				CLANG_ENABLE_MODULES = YES;
				CLANG_ENABLE_OBJC_ARC = YES;
				CLANG_ENABLE_OBJC_WEAK = YES;
				CLANG_WARN_BLOCK_CAPTURE_AUTORELEASING = YES;
				CLANG_WARN_BOOL_CONVERSION = YES;
				CLANG_WARN_COMMA = YES;
				CLANG_WARN_CONSTANT_CONVERSION = YES;
				CLANG_WARN_DEPRECATED_OBJC_IMPLEMENTATIONS = YES;
				CLANG_WARN_DIRECT_OBJC_ISA_USAGE = YES_ERROR;
				CLANG_WARN_DOCUMENTATION_COMMENTS = YES;
				CLANG_WARN_EMPTY_BODY = YES;
				CLANG_WARN_ENUM_CONVERSION = YES;
				CLANG_WARN_INFINITE_RECURSION = YES;
				CLANG_WARN_INT_CONVERSION = YES;
				CLANG_WARN_NON_LITERAL_NULL_CONVERSION = YES;
				CLANG_WARN_OBJC_IMPLICIT_RETAIN_SELF = YES;
				CLANG_WARN_OBJC_LITERAL_CONVERSION = YES;
				CLANG_WARN_OBJC_ROOT_CLASS = YES_ERROR;
				CLANG_WARN_QUOTED_INCLUDE_IN_FRAMEWORK_HEADER = YES;
				CLANG_WARN_RANGE_LOOP_ANALYSIS = YES;
				CLANG_WARN_STRICT_PROTOTYPES = YES;
				CLANG_WARN_SUSPICIOUS_MOVE = YES;
				CLANG_WARN_UNGUARDED_AVAILABILITY = YES_AGGRESSIVE;
				CLANG_WARN_UNREACHABLE_CODE = YES;
				CLANG_WARN__DUPLICATE_METHOD_MATCH = YES;
				COPY_PHASE_STRIP = NO;
				DEBUG_INFORMATION_FORMAT = "dwarf-with-dsym";
				ENABLE_NS_ASSERTIONS = NO;
				ENABLE_STRICT_OBJC_MSGSEND = YES;
				ENABLE_USER_SCRIPT_SANDBOXING = YES;
				GCC_C_LANGUAGE_STANDARD = gnu17;
				GCC_NO_COMMON_BLOCKS = YES;
				GCC_WARN_64_TO_32_BIT_CONVERSION = YES;
				GCC_WARN_ABOUT_RETURN_TYPE = YES_ERROR;
				GCC_WARN_UNDECLARED_SELECTOR = YES;
				GCC_WARN_UNINITIALIZED_AUTOS = YES_AGGRESSIVE;
				GCC_WARN_UNUSED_FUNCTION = YES;
				GCC_WARN_UNUSED_VARIABLE = YES;
				IPHONEOS_DEPLOYMENT_TARGET = 16.0;
				LOCALIZATION_PREFERS_STRING_CATALOGS = YES;
				MTL_ENABLE_DEBUG_INFO = NO;
				MTL_FAST_MATH = YES;
				SDKROOT = iphoneos;
				SWIFT_COMPILATION_MODE = wholemodule;
				VALIDATE_PRODUCT = YES;
			};
			name = Release;
		};
		DB5CCB532C367BED006F7A2C /* Debug */ = {
			isa = XCBuildConfiguration;
			buildSettings = {
				ASSETCATALOG_COMPILER_APPICON_NAME = AppIcon;
				ASSETCATALOG_COMPILER_GLOBAL_ACCENT_COLOR_NAME = AccentColor;
				CODE_SIGN_STYLE = Automatic;
				CURRENT_PROJECT_VERSION = 1;
				DEVELOPMENT_ASSET_PATHS = "\"EmoJournal/Preview Content\"";
				DEVELOPMENT_TEAM = TGR2SR2JNL;
				ENABLE_PREVIEWS = YES;
				GENERATE_INFOPLIST_FILE = YES;
				INFOPLIST_FILE = EmoJournal/Info.plist;
				INFOPLIST_KEY_CFBundleDisplayName = EmoJournal;
				INFOPLIST_KEY_LSApplicationCategoryType = "public.app-category.lifestyle";
				INFOPLIST_KEY_NSMicrophoneUsageDescription = "마이크 사용";
				INFOPLIST_KEY_NSSpeechRecognitionUsageDescription = "음성 인식 사용";
				INFOPLIST_KEY_UIApplicationSceneManifest_Generation = YES;
				INFOPLIST_KEY_UIApplicationSupportsIndirectInputEvents = YES;
				INFOPLIST_KEY_UILaunchScreen_Generation = YES;
				INFOPLIST_KEY_UIStatusBarStyle = UIStatusBarStyleDarkContent;
				INFOPLIST_KEY_UISupportedInterfaceOrientations = UIInterfaceOrientationPortrait;
				INFOPLIST_KEY_UISupportedInterfaceOrientations_iPad = "UIInterfaceOrientationLandscapeLeft UIInterfaceOrientationLandscapeRight UIInterfaceOrientationPortrait UIInterfaceOrientationPortraitUpsideDown";
				IPHONEOS_DEPLOYMENT_TARGET = 16.0;
				LD_RUNPATH_SEARCH_PATHS = (
					"$(inherited)",
					"@executable_path/Frameworks",
				);
				MARKETING_VERSION = 1.0;
				PRODUCT_BUNDLE_IDENTIFIER = Kim.EmoJournal;
				PRODUCT_NAME = "$(TARGET_NAME)";
				SUPPORTED_PLATFORMS = "iphoneos iphonesimulator";
				SUPPORTS_MACCATALYST = NO;
				SUPPORTS_MAC_DESIGNED_FOR_IPHONE_IPAD = NO;
				SUPPORTS_XR_DESIGNED_FOR_IPHONE_IPAD = NO;
				SWIFT_EMIT_LOC_STRINGS = YES;
				SWIFT_VERSION = 5.0;
				TARGETED_DEVICE_FAMILY = 1;
			};
			name = Debug;
		};
		DB5CCB542C367BED006F7A2C /* Release */ = {
			isa = XCBuildConfiguration;
			buildSettings = {
				ASSETCATALOG_COMPILER_APPICON_NAME = AppIcon;
				ASSETCATALOG_COMPILER_GLOBAL_ACCENT_COLOR_NAME = AccentColor;
				CODE_SIGN_STYLE = Automatic;
				CURRENT_PROJECT_VERSION = 1;
				DEVELOPMENT_ASSET_PATHS = "\"EmoJournal/Preview Content\"";
				DEVELOPMENT_TEAM = TGR2SR2JNL;
				ENABLE_PREVIEWS = YES;
				GENERATE_INFOPLIST_FILE = YES;
				INFOPLIST_FILE = EmoJournal/Info.plist;
				INFOPLIST_KEY_CFBundleDisplayName = EmoJournal;
				INFOPLIST_KEY_LSApplicationCategoryType = "public.app-category.lifestyle";
				INFOPLIST_KEY_NSMicrophoneUsageDescription = "마이크 사용";
				INFOPLIST_KEY_NSSpeechRecognitionUsageDescription = "음성 인식 사용";
				INFOPLIST_KEY_UIApplicationSceneManifest_Generation = YES;
				INFOPLIST_KEY_UIApplicationSupportsIndirectInputEvents = YES;
				INFOPLIST_KEY_UILaunchScreen_Generation = YES;
				INFOPLIST_KEY_UIStatusBarStyle = UIStatusBarStyleDarkContent;
				INFOPLIST_KEY_UISupportedInterfaceOrientations = UIInterfaceOrientationPortrait;
				INFOPLIST_KEY_UISupportedInterfaceOrientations_iPad = "UIInterfaceOrientationLandscapeLeft UIInterfaceOrientationLandscapeRight UIInterfaceOrientationPortrait UIInterfaceOrientationPortraitUpsideDown";
				IPHONEOS_DEPLOYMENT_TARGET = 16.0;
				LD_RUNPATH_SEARCH_PATHS = (
					"$(inherited)",
					"@executable_path/Frameworks",
				);
				MARKETING_VERSION = 1.0;
				PRODUCT_BUNDLE_IDENTIFIER = Kim.EmoJournal;
				PRODUCT_NAME = "$(TARGET_NAME)";
				SUPPORTED_PLATFORMS = "iphoneos iphonesimulator";
				SUPPORTS_MACCATALYST = NO;
				SUPPORTS_MAC_DESIGNED_FOR_IPHONE_IPAD = NO;
				SUPPORTS_XR_DESIGNED_FOR_IPHONE_IPAD = NO;
				SWIFT_EMIT_LOC_STRINGS = YES;
				SWIFT_VERSION = 5.0;
				TARGETED_DEVICE_FAMILY = 1;
			};
			name = Release;
		};
/* End XCBuildConfiguration section */

/* Begin XCConfigurationList section */
		DB5CCB3F2C367BEB006F7A2C /* Build configuration list for PBXProject "EmoJournal" */ = {
			isa = XCConfigurationList;
			buildConfigurations = (
				DB5CCB502C367BED006F7A2C /* Debug */,
				DB5CCB512C367BED006F7A2C /* Release */,
			);
			defaultConfigurationIsVisible = 0;
			defaultConfigurationName = Release;
		};
		DB5CCB522C367BED006F7A2C /* Build configuration list for PBXNativeTarget "EmoJournal" */ = {
			isa = XCConfigurationList;
			buildConfigurations = (
				DB5CCB532C367BED006F7A2C /* Debug */,
				DB5CCB542C367BED006F7A2C /* Release */,
			);
			defaultConfigurationIsVisible = 0;
			defaultConfigurationName = Release;
		};
/* End XCConfigurationList section */

/* Begin XCRemoteSwiftPackageReference section */
		DB15B75F2C4E45E100113F13 /* XCRemoteSwiftPackageReference "SwiftUI-Introspect" */ = {
			isa = XCRemoteSwiftPackageReference;
			repositoryURL = "https://github.com/siteline/SwiftUI-Introspect";
			requirement = {
				kind = upToNextMajorVersion;
				minimumVersion = 1.3.0;
			};
		};
		DB5CCB572C376D18006F7A2C /* XCRemoteSwiftPackageReference "swift-composable-architecture" */ = {
			isa = XCRemoteSwiftPackageReference;
			repositoryURL = "https://github.com/pointfreeco/swift-composable-architecture";
			requirement = {
				kind = upToNextMajorVersion;
				minimumVersion = 1.11.2;
			};
		};
/* End XCRemoteSwiftPackageReference section */

/* Begin XCSwiftPackageProductDependency section */
		DB15B7602C4E45E100113F13 /* SwiftUIIntrospect */ = {
			isa = XCSwiftPackageProductDependency;
			package = DB15B75F2C4E45E100113F13 /* XCRemoteSwiftPackageReference "SwiftUI-Introspect" */;
			productName = SwiftUIIntrospect;
		};
		DB5CCB582C376D18006F7A2C /* ComposableArchitecture */ = {
			isa = XCSwiftPackageProductDependency;
			package = DB5CCB572C376D18006F7A2C /* XCRemoteSwiftPackageReference "swift-composable-architecture" */;
			productName = ComposableArchitecture;
		};
/* End XCSwiftPackageProductDependency section */
	};
	rootObject = DB5CCB3C2C367BEB006F7A2C /* Project object */;
}
